<?xml version="1.0" encoding="utf-8"?>
<Project ToolsVersion="4.0" xmlns="http://schemas.microsoft.com/developer/msbuild/2003">
  <ItemGroup>
    <Filter Include="Source Files">
      <UniqueIdentifier>{4FC737F1-C7A5-4376-A066-2A32D752A2FF}</UniqueIdentifier>
      <Extensions>cpp;c;cc;cxx;c++;cppm;ixx;def;odl;idl;hpj;bat;asm;asmx</Extensions>
    </Filter>
    <Filter Include="Header Files">
      <UniqueIdentifier>{93995380-89BD-4b04-88EB-625FBE52EBFB}</UniqueIdentifier>
      <Extensions>h;hh;hpp;hxx;h++;hm;inl;inc;ipp;xsd</Extensions>
    </Filter>
    <Filter Include="Resource Files">
      <UniqueIdentifier>{67DA6AB6-F800-4c08-8B7A-83BB121AAD01}</UniqueIdentifier>
      <Extensions>rc;ico;cur;bmp;dlg;rc2;rct;bin;rgs;gif;jpg;jpeg;jpe;resx;tiff;tif;png;wav;mfcribbon-ms</Extensions>
    </Filter>
    <Filter Include="Source Files\1_testStuff">
      <UniqueIdentifier>{f31559fa-4ad9-48f8-a099-a02c9408351c}</UniqueIdentifier>
    </Filter>
    <Filter Include="Source Files\log-levels">
      <UniqueIdentifier>{df61b845-aae3-4e1e-bfec-cc72d156aac3}</UniqueIdentifier>
    </Filter>
    <Filter Include="Source Files\lasagna">
      <UniqueIdentifier>{e3311f02-951c-4b44-88d0-34ca038686cf}</UniqueIdentifier>
    </Filter>
    <Filter Include="Source Files\freelancer">
      <UniqueIdentifier>{fdfd5587-b3c1-421d-9fe7-38eb29b971b9}</UniqueIdentifier>
    </Filter>
    <Filter Include="Source Files\last_will">
      <UniqueIdentifier>{33cb580d-43fa-4806-9d21-fad4f411877e}</UniqueIdentifier>
    </Filter>
    <Filter Include="Source Files\Pacman Rules">
      <UniqueIdentifier>{67089d3a-e91a-4a0d-85bf-cb22e8a9b42d}</UniqueIdentifier>
    </Filter>
  </ItemGroup>
  <ItemGroup>
    <ClCompile Include="numberFunctions.cpp">
      <Filter>Source Files\1_testStuff</Filter>
    </ClCompile>
    <ClCompile Include="main.cpp">
      <Filter>Source Files</Filter>
    </ClCompile>
    <ClCompile Include="log_levels.cpp">
      <Filter>Source Files\log-levels</Filter>
    </ClCompile>
    <ClCompile Include="lasagna.cpp">
      <Filter>Source Files\lasagna</Filter>
    </ClCompile>
    <ClCompile Include="freelancer_rates.cpp">
      <Filter>Source Files\freelancer</Filter>
    </ClCompile>
    <ClCompile Include="last_will.cpp">
      <Filter>Source Files\last_will</Filter>
    </ClCompile>
    <ClCompile Include="pacman_rules.cpp">
      <Filter>Source Files\Pacman Rules</Filter>
    </ClCompile>
    <ClCompile Include="vehicle_purchase.cpp">
      <Filter>Source Files</Filter>
    </ClCompile>
    <ClCompile Include="making_the_grade.cpp">
      <Filter>Source Files</Filter>
    </ClCompile>
  </ItemGroup>
</Project>